{
  "name": "tomalcala",
  "version": "0.1.0",
  "lockfileVersion": 1,
  "requires": true,
  "dependencies": {
    "bs-platform": {
      "version": "4.0.18",
      "dev": true
    },
    "bsb-js": {
      "version": "1.1.7",
      "resolved": "https://registry.npmjs.org/bsb-js/-/bsb-js-1.1.7.tgz",
      "integrity": "sha512-FSR7d5Kb6KfVI5sLz9bEeD9pbA9F4Zbkk1xa6R9CJtyd+dJ7mIkxoXqv7cw7HWcuee+VpIhmjYzrplnFd/5Qgg==",
      "dev": true
    }
  }
}
